// !$*UTF8*$!
{
	archiveVersion = 1;
	classes = {
	};
	objectVersion = 50;
	objects = {

/* Begin PBXBuildFile section */
		FC9255892577F0A100AD2274 /* AppDelegate.swift in Sources */ = {isa = PBXBuildFile; fileRef = FC9255882577F0A100AD2274 /* AppDelegate.swift */; };
		FC92558D2577F0A100AD2274 /* ViewController.swift in Sources */ = {isa = PBXBuildFile; fileRef = FC92558C2577F0A100AD2274 /* ViewController.swift */; };
		FC9255902577F0A100AD2274 /* Main.storyboard in Resources */ = {isa = PBXBuildFile; fileRef = FC92558E2577F0A100AD2274 /* Main.storyboard */; };
		FC9255922577F0A300AD2274 /* Assets.xcassets in Resources */ = {isa = PBXBuildFile; fileRef = FC9255912577F0A300AD2274 /* Assets.xcassets */; };
		FC9255952577F0A300AD2274 /* LaunchScreen.storyboard in Resources */ = {isa = PBXBuildFile; fileRef = FC9255932577F0A300AD2274 /* LaunchScreen.storyboard */; };
		FC92559F2577F0C200AD2274 /* MaskLabel.swift in Sources */ = {isa = PBXBuildFile; fileRef = FC92559E2577F0C200AD2274 /* MaskLabel.swift */; };
/* End PBXBuildFile section */

/* Begin PBXFileReference section */
		FC9255852577F0A100AD2274 /* MaskLabel.app */ = {isa = PBXFileReference; explicitFileType = wrapper.application; includeInIndex = 0; path = MaskLabel.app; sourceTree = BUILT_PRODUCTS_DIR; };
		FC9255882577F0A100AD2274 /* AppDelegate.swift */ = {isa = PBXFileReference; lastKnownFileType = sourcecode.swift; path = AppDelegate.swift; sourceTree = "<group>"; };
		FC92558C2577F0A100AD2274 /* ViewController.swift */ = {isa = PBXFileReference; lastKnownFileType = sourcecode.swift; path = ViewController.swift; sourceTree = "<group>"; };
		FC92558F2577F0A100AD2274 /* Base */ = {isa = PBXFileReference; lastKnownFileType = file.storyboard; name = Base; path = Base.lproj/Main.storyboard; sourceTree = "<group>"; };
		FC9255912577F0A300AD2274 /* Assets.xcassets */ = {isa = PBXFileReference; lastKnownFileType = folder.assetcatalog; path = Assets.xcassets; sourceTree = "<group>"; };
		FC9255942577F0A300AD2274 /* Base */ = {isa = PBXFileReference; lastKnownFileType = file.storyboard; name = Base; path = Base.lproj/LaunchScreen.storyboard; sourceTree = "<group>"; };
		FC9255962577F0A300AD2274 /* Info.plist */ = {isa = PBXFileReference; lastKnownFileType = text.plist.xml; path = Info.plist; sourceTree = "<group>"; };
		FC92559E2577F0C200AD2274 /* MaskLabel.swift */ = {isa = PBXFileReference; lastKnownFileType = sourcecode.swift; path = MaskLabel.swift; sourceTree = "<group>"; };
/* End PBXFileReference section */

/* Begin PBXFrameworksBuildPhase section */
		FC9255822577F0A100AD2274 /* Frameworks */ = {
			isa = PBXFrameworksBuildPhase;
			buildActionMask = 2147483647;
			files = (
			);
			runOnlyForDeploymentPostprocessing = 0;
		};
/* End PBXFrameworksBuildPhase section */

/* Begin PBXGroup section */
		FC92557C2577F0A100AD2274 = {
			isa = PBXGroup;
			children = (
				FC9255872577F0A100AD2274 /* MaskLabel */,
				FC9255862577F0A100AD2274 /* Products */,
			);
			sourceTree = "<group>";
		};
		FC9255862577F0A100AD2274 /* Products */ = {
			isa = PBXGroup;
			children = (
				FC9255852577F0A100AD2274 /* MaskLabel.app */,
			);
			name = Products;
			sourceTree = "<group>";
		};
		FC9255872577F0A100AD2274 /* MaskLabel */ = {
			isa = PBXGroup;
			children = (
				FC9255882577F0A100AD2274 /* AppDelegate.swift */,
				FC92558C2577F0A100AD2274 /* ViewController.swift */,
				FC92558E2577F0A100AD2274 /* Main.storyboard */,
				FC9255912577F0A300AD2274 /* Assets.xcassets */,
				FC9255932577F0A300AD2274 /* LaunchScreen.storyboard */,
				FC9255962577F0A300AD2274 /* Info.plist */,
				FC92559E2577F0C200AD2274 /* MaskLabel.swift */,
			);
			path = MaskLabel;
			sourceTree = "<group>";
		};
/* End PBXGroup section */

/* Begin PBXNativeTarget section */
		FC9255842577F0A100AD2274 /* MaskLabel */ = {
			isa = PBXNativeTarget;
			buildConfigurationList = FC9255992577F0A400AD2274 /* Build configuration list for PBXNativeTarget "MaskLabel" */;
			buildPhases = (
				FC9255812577F0A100AD2274 /* Sources */,
				FC9255822577F0A100AD2274 /* Frameworks */,
				FC9255832577F0A100AD2274 /* Resources */,
			);
			buildRules = (
			);
			dependencies = (
			);
			name = MaskLabel;
			productName = MaskLabel;
			productReference = FC9255852577F0A100AD2274 /* MaskLabel.app */;
			productType = "com.apple.product-type.application";
		};
/* End PBXNativeTarget section */

/* Begin PBXProject section */
		FC92557D2577F0A100AD2274 /* Project object */ = {
			isa = PBXProject;
			attributes = {
				LastSwiftUpdateCheck = 1220;
				LastUpgradeCheck = 1220;
				TargetAttributes = {
					FC9255842577F0A100AD2274 = {
						CreatedOnToolsVersion = 12.2;
					};
				};
			};
			buildConfigurationList = FC9255802577F0A100AD2274 /* Build configuration list for PBXProject "MaskLabel" */;
			compatibilityVersion = "Xcode 9.3";
			developmentRegion = en;
			hasScannedForEncodings = 0;
			knownRegions = (
				en,
				Base,
			);
			mainGroup = FC92557C2577F0A100AD2274;
			productRefGroup = FC9255862577F0A100AD2274 /* Products */;
			projectDirPath = "";
			projectRoot = "";
			targets = (
				FC9255842577F0A100AD2274 /* MaskLabel */,
			);
		};
/* End PBXProject section */

/* Begin PBXResourcesBuildPhase section */
		FC9255832577F0A100AD2274 /* Resources */ = {
			isa = PBXResourcesBuildPhase;
			buildActionMask = 2147483647;
			files = (
				FC9255952577F0A300AD2274 /* LaunchScreen.storyboard in Resources */,
				FC9255922577F0A300AD2274 /* Assets.xcassets in Resources */,
				FC9255902577F0A100AD2274 /* Main.storyboard in Resources */,
			);
			runOnlyForDeploymentPostprocessing = 0;
		};
/* End PBXResourcesBuildPhase section */

/* Begin PBXSourcesBuildPhase section */
		FC9255812577F0A100AD2274 /* Sources */ = {
			isa = PBXSourcesBuildPhase;
			buildActionMask = 2147483647;
			files = (
				FC92559F2577F0C200AD2274 /* MaskLabel.swift in Sources */,
				FC92558D2577F0A100AD2274 /* ViewController.swift in Sources */,
				FC9255892577F0A100AD2274 /* AppDelegate.swift in Sources */,
			);
			runOnlyForDeploymentPostprocessing = 0;
		};
/* End PBXSourcesBuildPhase section */

/* Begin PBXVariantGroup section */
		FC92558E2577F0A100AD2274 /* Main.storyboard */ = {
			isa = PBXVariantGroup;
			children = (
				FC92558F2577F0A100AD2274 /* Base */,
			);
			name = Main.storyboard;
			sourceTree = "<group>";
		};
		FC9255932577F0A300AD2274 /* LaunchScreen.storyboard */ = {
			isa = PBXVariantGroup;
			children = (
				FC9255942577F0A300AD2274 /* Base */,
			);
			name = LaunchScreen.storyboard;
			sourceTree = "<group>";
		};
/* End PBXVariantGroup section */

/* Begin XCBuildConfiguration section */
		FC9255972577F0A400AD2274 /* Debug */ = {
			isa = XCBuildConfiguration;
			buildSettings = {
				ALWAYS_SEARCH_USER_PATHS = NO;
				CLANG_ANALYZER_NONNULL = YES;
				CLANG_ANALYZER_NUMBER_OBJECT_CONVERSION = YES_AGGRESSIVE;
				CLANG_CXX_LANGUAGE_STANDARD = "gnu++14";
				CLANG_CXX_LIBRARY = "libc++";
				CLANG_ENABLE_MODULES = YES;
				CLANG_ENABLE_OBJC_ARC = YES;
				CLANG_ENABLE_OBJC_WEAK = YES;
				CLANG_WARN_BLOCK_CAPTURE_AUTORELEASING = YES;
				CLANG_WARN_BOOL_CONVERSION = YES;
				CLANG_WARN_COMMA = YES;
				CLANG_WARN_CONSTANT_CONVERSION = YES;
				CLANG_WARN_DEPRECATED_OBJC_IMPLEMENTATIONS = YES;
				CLANG_WARN_DIRECT_OBJC_ISA_USAGE = YES_ERROR;
				CLANG_WARN_DOCUMENTATION_COMMENTS = YES;
				CLANG_WARN_EMPTY_BODY = YES;
				CLANG_WARN_ENUM_CONVERSION = YES;
				CLANG_WARN_INFINITE_RECURSION = YES;
				CLANG_WARN_INT_CONVERSION = YES;
				CLANG_WARN_NON_LITERAL_NULL_CONVERSION = YES;
				CLANG_WARN_OBJC_IMPLICIT_RETAIN_SELF = YES;
				CLANG_WARN_OBJC_LITERAL_CONVERSION = YES;
				CLANG_WARN_OBJC_ROOT_CLASS = YES_ERROR;
				CLANG_WARN_QUOTED_INCLUDE_IN_FRAMEWORK_HEADER = YES;
				CLANG_WARN_RANGE_LOOP_ANALYSIS = YES;
				CLANG_WARN_STRICT_PROTOTYPES = YES;
				CLANG_WARN_SUSPICIOUS_MOVE = YES;
				CLANG_WARN_UNGUARDED_AVAILABILITY = YES_AGGRESSIVE;
				CLANG_WARN_UNREACHABLE_CODE = YES;
				CLANG_WARN__DUPLICATE_METHOD_MATCH = YES;
				COPY_PHASE_STRIP = NO;
				DEBUG_INFORMATION_FORMAT = dwarf;
				ENABLE_STRICT_OBJC_MSGSEND = YES;
				ENABLE_TESTABILITY = YES;
				GCC_C_LANGUAGE_STANDARD = gnu11;
				GCC_DYNAMIC_NO_PIC = NO;
				GCC_NO_COMMON_BLOCKS = YES;
				GCC_OPTIMIZATION_LEVEL = 0;
				GCC_PREPROCESSOR_DEFINITIONS = (
					"DEBUG=1",
					"$(inherited)",
				);
				GCC_WARN_64_TO_32_BIT_CONVERSION = YES;
				GCC_WARN_ABOUT_RETURN_TYPE = YES_ERROR;
				GCC_WARN_UNDECLARED_SELECTOR = YES;
				GCC_WARN_UNINITIALIZED_AUTOS = YES_AGGRESSIVE;
				GCC_WARN_UNUSED_FUNCTION = YES;
				GCC_WARN_UNUSED_VARIABLE = YES;
				IPHONEOS_DEPLOYMENT_TARGET = 14.2;
				MTL_ENABLE_DEBUG_INFO = INCLUDE_SOURCE;
				MTL_FAST_MATH = YES;
				ONLY_ACTIVE_ARCH = YES;
				SDKROOT = iphoneos;
				SWIFT_ACTIVE_COMPILATION_CONDITIONS = DEBUG;
				SWIFT_OPTIMIZATION_LEVEL = "-Onone";
			};
			name = Debug;
		};
		FC9255982577F0A400AD2274 /* Release */ = {
			isa = XCBuildConfiguration;
			buildSettings = {
				ALWAYS_SEARCH_USER_PATHS = NO;
				CLANG_ANALYZER_NONNULL = YES;
				CLANG_ANALYZER_NUMBER_OBJECT_CONVERSION = YES_AGGRESSIVE;
				CLANG_CXX_LANGUAGE_STANDARD = "gnu++14";
				CLANG_CXX_LIBRARY = "libc++";
				CLANG_ENABLE_MODULES = YES;
				CLANG_ENABLE_OBJC_ARC = YES;
				CLANG_ENABLE_OBJC_WEAK = YES;
				CLANG_WARN_BLOCK_CAPTURE_AUTORELEASING = YES;
				CLANG_WARN_BOOL_CONVERSION = YES;
				CLANG_WARN_COMMA = YES;
				CLANG_WARN_CONSTANT_CONVERSION = YES;
				CLANG_WARN_DEPRECATED_OBJC_IMPLEMENTATIONS = YES;
				CLANG_WARN_DIRECT_OBJC_ISA_USAGE = YES_ERROR;
				CLANG_WARN_DOCUMENTATION_COMMENTS = YES;
				CLANG_WARN_EMPTY_BODY = YES;
				CLANG_WARN_ENUM_CONVERSION = YES;
				CLANG_WARN_INFINITE_RECURSION = YES;
				CLANG_WARN_INT_CONVERSION = YES;
				CLANG_WARN_NON_LITERAL_NULL_CONVERSION = YES;
				CLANG_WARN_OBJC_IMPLICIT_RETAIN_SELF = YES;
				CLANG_WARN_OBJC_LITERAL_CONVERSION = YES;
				CLANG_WARN_OBJC_ROOT_CLASS = YES_ERROR;
				CLANG_WARN_QUOTED_INCLUDE_IN_FRAMEWORK_HEADER = YES;
				CLANG_WARN_RANGE_LOOP_ANALYSIS = YES;
				CLANG_WARN_STRICT_PROTOTYPES = YES;
				CLANG_WARN_SUSPICIOUS_MOVE = YES;
				CLANG_WARN_UNGUARDED_AVAILABILITY = YES_AGGRESSIVE;
				CLANG_WARN_UNREACHABLE_CODE = YES;
				CLANG_WARN__DUPLICATE_METHOD_MATCH = YES;
				COPY_PHASE_STRIP = NO;
				DEBUG_INFORMATION_FORMAT = "dwarf-with-dsym";
				ENABLE_NS_ASSERTIONS = NO;
				ENABLE_STRICT_OBJC_MSGSEND = YES;
				GCC_C_LANGUAGE_STANDARD = gnu11;
				GCC_NO_COMMON_BLOCKS = YES;
				GCC_WARN_64_TO_32_BIT_CONVERSION = YES;
				GCC_WARN_ABOUT_RETURN_TYPE = YES_ERROR;
				GCC_WARN_UNDECLARED_SELECTOR = YES;
				GCC_WARN_UNINITIALIZED_AUTOS = YES_AGGRESSIVE;
				GCC_WARN_UNUSED_FUNCTION = YES;
				GCC_WARN_UNUSED_VARIABLE = YES;
				IPHONEOS_DEPLOYMENT_TARGET = 14.2;
				MTL_ENABLE_DEBUG_INFO = NO;
				MTL_FAST_MATH = YES;
				SDKROOT = iphoneos;
				SWIFT_COMPILATION_MODE = wholemodule;
				SWIFT_OPTIMIZATION_LEVEL = "-O";
				VALIDATE_PRODUCT = YES;
			};
			name = Release;
		};
		FC92559A2577F0A400AD2274 /* Debug */ = {
			isa = XCBuildConfiguration;
			buildSettings = {
				ASSETCATALOG_COMPILER_APPICON_NAME = AppIcon;
				ASSETCATALOG_COMPILER_GLOBAL_ACCENT_COLOR_NAME = AccentColor;
				CODE_SIGN_STYLE = Automatic;
				DEVELOPMENT_TEAM = UKXZMZ23P4;
				INFOPLIST_FILE = MaskLabel/Info.plist;
				LD_RUNPATH_SEARCH_PATHS = (
					"$(inherited)",
					"@executable_path/Frameworks",
				);
				PRODUCT_BUNDLE_IDENTIFIER = "com.tsu.mask-label.MaskLabel";
				PRODUCT_NAME = "$(TARGET_NAME)";
				SWIFT_VERSION = 5.0;
				TARGETED_DEVICE_FAMILY = "1,2";
			};
			name = Debug;
		};
		FC92559B2577F0A400AD2274 /* Release */ = {
			isa = XCBuildConfiguration;
			buildSettings = {
				ASSETCATALOG_COMPILER_APPICON_NAME = AppIcon;
				ASSETCATALOG_COMPILER_GLOBAL_ACCENT_COLOR_NAME = AccentColor;
				CODE_SIGN_STYLE = Automatic;
				DEVELOPMENT_TEAM = UKXZMZ23P4;
				INFOPLIST_FILE = MaskLabel/Info.plist;
				LD_RUNPATH_SEARCH_PATHS = (
					"$(inherited)",
					"@executable_path/Frameworks",
				);
				PRODUCT_BUNDLE_IDENTIFIER = "com.tsu.mask-label.MaskLabel";
				PRODUCT_NAME = "$(TARGET_NAME)";
				SWIFT_VERSION = 5.0;
				TARGETED_DEVICE_FAMILY = "1,2";
			};
			name = Release;
		};
/* End XCBuildConfiguration section */

/* Begin XCConfigurationList section */
		FC9255802577F0A100AD2274 /* Build configuration list for PBXProject "MaskLabel" */ = {
			isa = XCConfigurationList;
			buildConfigurations = (
				FC9255972577F0A400AD2274 /* Debug */,
				FC9255982577F0A400AD2274 /* Release */,
			);
			defaultConfigurationIsVisible = 0;
			defaultConfigurationName = Release;
		};
		FC9255992577F0A400AD2274 /* Build configuration list for PBXNativeTarget "MaskLabel" */ = {
			isa = XCConfigurationList;
			buildConfigurations = (
				FC92559A2577F0A400AD2274 /* Debug */,
				FC92559B2577F0A400AD2274 /* Release */,
			);
			defaultConfigurationIsVisible = 0;
			defaultConfigurationName = Release;
		};
/* End XCConfigurationList section */
	};
	rootObject = FC92557D2577F0A100AD2274 /* Project object */;
}
